
Microsoft Visual Studio Solution File, Format Version 12.00
# Visual Studio 14
VisualStudioVersion = 14.0.25420.1
MinimumVisualStudioVersion = 10.0.40219.1
Project("{FAE04EC0-301F-11D3-BF4B-00C04F79EFBC}") = "CSharpAlgos", "CSharpAlgos\CSharpAlgos.csproj", "{56F26117-ED4B-47E1-863C-263DD0B31163}"
EndProject
Project("{FAE04EC0-301F-11D3-BF4B-00C04F79EFBC}") = "NinjectImplementationMVC4", "NinjectImplementationMVC4\NinjectImplementationMVC4.csproj", "{B360F3DF-B2D9-463A-8786-A65DB78E81A8}"
EndProject
Project("{FAE04EC0-301F-11D3-BF4B-00C04F79EFBC}") = "AutoFacImplementationMVC4", "AutoFacImplementationMVC4\AutoFacImplementationMVC4.csproj", "{29F59FB2-9805-4FCE-898B-F71A30AD589E}"
EndProject
Project("{2150E333-8FDC-42A3-9474-1A3956D46DE8}") = "Documents", "Documents", "{5218A4EF-6B84-4EF7-9021-0EB4A8EA015F}"
	ProjectSection(SolutionItems) = preProject
		IOC Containers.txt = IOC Containers.txt
	EndProjectSection
EndProject
Project("{FAE04EC0-301F-11D3-BF4B-00C04F79EFBC}") = "UnityImplementationMVC4", "UnityImplementationMVC4\UnityImplementationMVC4.csproj", "{6002F4DB-665B-4F0D-AB96-68FC39248CC4}"
EndProject
Project("{FAE04EC0-301F-11D3-BF4B-00C04F79EFBC}") = "CSharp", "CSharp\CSharp.csproj", "{3D53DAC3-6949-4D08-8F91-3D88F683F2AE}"
EndProject
Project("{FAE04EC0-301F-11D3-BF4B-00C04F79EFBC}") = "WcfService", "WcfService\WcfService.csproj", "{1D296E73-06DB-4E93-BE37-126D63DFFE7C}"
EndProject
Project("{FAE04EC0-301F-11D3-BF4B-00C04F79EFBC}") = "WcfStudentService", "WcfStudentService\WcfStudentService.csproj", "{8B0BA67B-E998-485F-8626-114DF957F6FE}"
EndProject
Project("{FAE04EC0-301F-11D3-BF4B-00C04F79EFBC}") = "StudentServiceHost", "StudentServiceHost\StudentServiceHost.csproj", "{4F1A365F-8B61-4F68-892A-8CCEA949AC5D}"
EndProject
Project("{2150E333-8FDC-42A3-9474-1A3956D46DE8}") = "WCF", "WCF", "{3C8EF36E-2371-4D6F-98EA-0B81F5A66099}"
EndProject
Project("{FAE04EC0-301F-11D3-BF4B-00C04F79EFBC}") = "ConsumeService", "ConsumeService\ConsumeService.csproj", "{987868CF-062B-4E12-893A-CE5FFBC85C28}"
EndProject
Project("{FAE04EC0-301F-11D3-BF4B-00C04F79EFBC}") = "WcfRestService", "WcfRestService\WcfRestService.csproj", "{EF0ACCC6-08FF-4614-BB01-899807BCDC88}"
EndProject
Project("{FAE04EC0-301F-11D3-BF4B-00C04F79EFBC}") = "WebApiExample", "WebApiExample\WebApiExample.csproj", "{8DEF9CF2-E7C5-45FE-9CA9-CE9DF329B59A}"
EndProject
Project("{2150E333-8FDC-42A3-9474-1A3956D46DE8}") = "MVC", "MVC", "{EFC83D7D-6A6D-4A41-9FBE-19D193C913FE}"
EndProject
Project("{FAE04EC0-301F-11D3-BF4B-00C04F79EFBC}") = "Ang2Example", "Ang2Example\Ang2Example.csproj", "{CF1D055D-4469-4EFC-BF32-BB6515C6B69D}"
EndProject
Project("{FAE04EC0-301F-11D3-BF4B-00C04F79EFBC}") = "PDA", "PDA\PDA.csproj", "{E13A8787-DC85-4E58-B411-C20B272B51DA}"
EndProject
Global
	GlobalSection(SolutionConfigurationPlatforms) = preSolution
		Debug|Any CPU = Debug|Any CPU
		Release|Any CPU = Release|Any CPU
	EndGlobalSection
	GlobalSection(ProjectConfigurationPlatforms) = postSolution
		{56F26117-ED4B-47E1-863C-263DD0B31163}.Debug|Any CPU.ActiveCfg = Debug|Any CPU
		{56F26117-ED4B-47E1-863C-263DD0B31163}.Debug|Any CPU.Build.0 = Debug|Any CPU
		{56F26117-ED4B-47E1-863C-263DD0B31163}.Release|Any CPU.ActiveCfg = Release|Any CPU
		{56F26117-ED4B-47E1-863C-263DD0B31163}.Release|Any CPU.Build.0 = Release|Any CPU
		{B360F3DF-B2D9-463A-8786-A65DB78E81A8}.Debug|Any CPU.ActiveCfg = Debug|Any CPU
		{B360F3DF-B2D9-463A-8786-A65DB78E81A8}.Debug|Any CPU.Build.0 = Debug|Any CPU
		{B360F3DF-B2D9-463A-8786-A65DB78E81A8}.Release|Any CPU.ActiveCfg = Release|Any CPU
		{B360F3DF-B2D9-463A-8786-A65DB78E81A8}.Release|Any CPU.Build.0 = Release|Any CPU
		{29F59FB2-9805-4FCE-898B-F71A30AD589E}.Debug|Any CPU.ActiveCfg = Debug|Any CPU
		{29F59FB2-9805-4FCE-898B-F71A30AD589E}.Debug|Any CPU.Build.0 = Debug|Any CPU
		{29F59FB2-9805-4FCE-898B-F71A30AD589E}.Release|Any CPU.ActiveCfg = Release|Any CPU
		{29F59FB2-9805-4FCE-898B-F71A30AD589E}.Release|Any CPU.Build.0 = Release|Any CPU
		{6002F4DB-665B-4F0D-AB96-68FC39248CC4}.Debug|Any CPU.ActiveCfg = Debug|Any CPU
		{6002F4DB-665B-4F0D-AB96-68FC39248CC4}.Debug|Any CPU.Build.0 = Debug|Any CPU
		{6002F4DB-665B-4F0D-AB96-68FC39248CC4}.Release|Any CPU.ActiveCfg = Release|Any CPU
		{6002F4DB-665B-4F0D-AB96-68FC39248CC4}.Release|Any CPU.Build.0 = Release|Any CPU
		{3D53DAC3-6949-4D08-8F91-3D88F683F2AE}.Debug|Any CPU.ActiveCfg = Debug|Any CPU
		{3D53DAC3-6949-4D08-8F91-3D88F683F2AE}.Debug|Any CPU.Build.0 = Debug|Any CPU
		{3D53DAC3-6949-4D08-8F91-3D88F683F2AE}.Release|Any CPU.ActiveCfg = Release|Any CPU
		{3D53DAC3-6949-4D08-8F91-3D88F683F2AE}.Release|Any CPU.Build.0 = Release|Any CPU
		{1D296E73-06DB-4E93-BE37-126D63DFFE7C}.Debug|Any CPU.ActiveCfg = Debug|Any CPU
		{1D296E73-06DB-4E93-BE37-126D63DFFE7C}.Debug|Any CPU.Build.0 = Debug|Any CPU
		{1D296E73-06DB-4E93-BE37-126D63DFFE7C}.Release|Any CPU.ActiveCfg = Release|Any CPU
		{1D296E73-06DB-4E93-BE37-126D63DFFE7C}.Release|Any CPU.Build.0 = Release|Any CPU
		{8B0BA67B-E998-485F-8626-114DF957F6FE}.Debug|Any CPU.ActiveCfg = Debug|Any CPU
		{8B0BA67B-E998-485F-8626-114DF957F6FE}.Debug|Any CPU.Build.0 = Debug|Any CPU
		{8B0BA67B-E998-485F-8626-114DF957F6FE}.Release|Any CPU.ActiveCfg = Release|Any CPU
		{8B0BA67B-E998-485F-8626-114DF957F6FE}.Release|Any CPU.Build.0 = Release|Any CPU
		{4F1A365F-8B61-4F68-892A-8CCEA949AC5D}.Debug|Any CPU.ActiveCfg = Debug|Any CPU
		{4F1A365F-8B61-4F68-892A-8CCEA949AC5D}.Debug|Any CPU.Build.0 = Debug|Any CPU
		{4F1A365F-8B61-4F68-892A-8CCEA949AC5D}.Release|Any CPU.ActiveCfg = Release|Any CPU
		{4F1A365F-8B61-4F68-892A-8CCEA949AC5D}.Release|Any CPU.Build.0 = Release|Any CPU
		{987868CF-062B-4E12-893A-CE5FFBC85C28}.Debug|Any CPU.ActiveCfg = Debug|Any CPU
		{987868CF-062B-4E12-893A-CE5FFBC85C28}.Debug|Any CPU.Build.0 = Debug|Any CPU
		{987868CF-062B-4E12-893A-CE5FFBC85C28}.Release|Any CPU.ActiveCfg = Release|Any CPU
		{987868CF-062B-4E12-893A-CE5FFBC85C28}.Release|Any CPU.Build.0 = Release|Any CPU
		{EF0ACCC6-08FF-4614-BB01-899807BCDC88}.Debug|Any CPU.ActiveCfg = Debug|Any CPU
		{EF0ACCC6-08FF-4614-BB01-899807BCDC88}.Debug|Any CPU.Build.0 = Debug|Any CPU
		{EF0ACCC6-08FF-4614-BB01-899807BCDC88}.Release|Any CPU.ActiveCfg = Release|Any CPU
		{EF0ACCC6-08FF-4614-BB01-899807BCDC88}.Release|Any CPU.Build.0 = Release|Any CPU
		{8DEF9CF2-E7C5-45FE-9CA9-CE9DF329B59A}.Debug|Any CPU.ActiveCfg = Debug|Any CPU
		{8DEF9CF2-E7C5-45FE-9CA9-CE9DF329B59A}.Debug|Any CPU.Build.0 = Debug|Any CPU
		{8DEF9CF2-E7C5-45FE-9CA9-CE9DF329B59A}.Release|Any CPU.ActiveCfg = Release|Any CPU
		{8DEF9CF2-E7C5-45FE-9CA9-CE9DF329B59A}.Release|Any CPU.Build.0 = Release|Any CPU
		{CF1D055D-4469-4EFC-BF32-BB6515C6B69D}.Debug|Any CPU.ActiveCfg = Debug|Any CPU
		{CF1D055D-4469-4EFC-BF32-BB6515C6B69D}.Debug|Any CPU.Build.0 = Debug|Any CPU
		{CF1D055D-4469-4EFC-BF32-BB6515C6B69D}.Release|Any CPU.ActiveCfg = Release|Any CPU
		{CF1D055D-4469-4EFC-BF32-BB6515C6B69D}.Release|Any CPU.Build.0 = Release|Any CPU
		{E13A8787-DC85-4E58-B411-C20B272B51DA}.Debug|Any CPU.ActiveCfg = Debug|Any CPU
		{E13A8787-DC85-4E58-B411-C20B272B51DA}.Debug|Any CPU.Build.0 = Debug|Any CPU
		{E13A8787-DC85-4E58-B411-C20B272B51DA}.Release|Any CPU.ActiveCfg = Release|Any CPU
		{E13A8787-DC85-4E58-B411-C20B272B51DA}.Release|Any CPU.Build.0 = Release|Any CPU
	EndGlobalSection
	GlobalSection(SolutionProperties) = preSolution
		HideSolutionNode = FALSE
	EndGlobalSection
	GlobalSection(NestedProjects) = preSolution
		{B360F3DF-B2D9-463A-8786-A65DB78E81A8} = {EFC83D7D-6A6D-4A41-9FBE-19D193C913FE}
		{29F59FB2-9805-4FCE-898B-F71A30AD589E} = {EFC83D7D-6A6D-4A41-9FBE-19D193C913FE}
		{6002F4DB-665B-4F0D-AB96-68FC39248CC4} = {EFC83D7D-6A6D-4A41-9FBE-19D193C913FE}
		{1D296E73-06DB-4E93-BE37-126D63DFFE7C} = {3C8EF36E-2371-4D6F-98EA-0B81F5A66099}
		{8B0BA67B-E998-485F-8626-114DF957F6FE} = {3C8EF36E-2371-4D6F-98EA-0B81F5A66099}
		{4F1A365F-8B61-4F68-892A-8CCEA949AC5D} = {3C8EF36E-2371-4D6F-98EA-0B81F5A66099}
		{987868CF-062B-4E12-893A-CE5FFBC85C28} = {3C8EF36E-2371-4D6F-98EA-0B81F5A66099}
		{EF0ACCC6-08FF-4614-BB01-899807BCDC88} = {3C8EF36E-2371-4D6F-98EA-0B81F5A66099}
		{8DEF9CF2-E7C5-45FE-9CA9-CE9DF329B59A} = {EFC83D7D-6A6D-4A41-9FBE-19D193C913FE}
		{CF1D055D-4469-4EFC-BF32-BB6515C6B69D} = {EFC83D7D-6A6D-4A41-9FBE-19D193C913FE}
	EndGlobalSection
EndGlobal
